
Microsoft Visual Studio Solution File, Format Version 12.00
# Visual Studio Version 17
VisualStudioVersion = 17.5.33627.172
MinimumVisualStudioVersion = 10.0.40219.1
Project("{FAE04EC0-301F-11D3-BF4B-00C04F79EFBC}") = "Formulario_Principal", "Formulario_Principal\Formulario_Principal.csproj", "{C83BCB05-06A0-4189-977E-DBB49270040D}"
EndProject
Global
	GlobalSection(SolutionConfigurationPlatforms) = preSolution
		Debug|Any CPU = Debug|Any CPU
		Release|Any CPU = Release|Any CPU
	EndGlobalSection
	GlobalSection(ProjectConfigurationPlatforms) = postSolution
		{C83BCB05-06A0-4189-977E-DBB49270040D}.Debug|Any CPU.ActiveCfg = Debug|Any CPU
		{C83BCB05-06A0-4189-977E-DBB49270040D}.Debug|Any CPU.Build.0 = Debug|Any CPU
		{C83BCB05-06A0-4189-977E-DBB49270040D}.Release|Any CPU.ActiveCfg = Release|Any CPU
		{C83BCB05-06A0-4189-977E-DBB49270040D}.Release|Any CPU.Build.0 = Release|Any CPU
	EndGlobalSection
	GlobalSection(SolutionProperties) = preSolution
		HideSolutionNode = FALSE
	EndGlobalSection
	GlobalSection(ExtensibilityGlobals) = postSolution
		SolutionGuid = {D84A4594-4D20-420E-BD89-2C3347C3ACA4}
	EndGlobalSection
EndGlobal
